
Microsoft Visual Studio Solution File, Format Version 12.00
# Visual Studio 14
VisualStudioVersion = 14.0.25420.1
MinimumVisualStudioVersion = 10.0.40219.1
Project("{FAE04EC0-301F-11D3-BF4B-00C04F79EFBC}") = "Example", "Example\Example.csproj", "{01C6341E-DED5-4896-9D2B-BC2524B4C1E9}"
EndProject
Project("{FAE04EC0-301F-11D3-BF4B-00C04F79EFBC}") = "SyllablePacker", "SyllablePacker\SyllablePacker.csproj", "{1880D372-6CF7-4258-8AC9-3DDBEF2C43BF}"
EndProject
Global
	GlobalSection(SolutionConfigurationPlatforms) = preSolution
		Debug|Any CPU = Debug|Any CPU
		Release|Any CPU = Release|Any CPU
	EndGlobalSection
	GlobalSection(ProjectConfigurationPlatforms) = postSolution
		{01C6341E-DED5-4896-9D2B-BC2524B4C1E9}.Debug|Any CPU.ActiveCfg = Debug|Any CPU
		{01C6341E-DED5-4896-9D2B-BC2524B4C1E9}.Debug|Any CPU.Build.0 = Debug|Any CPU
		{01C6341E-DED5-4896-9D2B-BC2524B4C1E9}.Release|Any CPU.ActiveCfg = Release|Any CPU
		{01C6341E-DED5-4896-9D2B-BC2524B4C1E9}.Release|Any CPU.Build.0 = Release|Any CPU
		{1880D372-6CF7-4258-8AC9-3DDBEF2C43BF}.Debug|Any CPU.ActiveCfg = Debug|Any CPU
		{1880D372-6CF7-4258-8AC9-3DDBEF2C43BF}.Debug|Any CPU.Build.0 = Debug|Any CPU
		{1880D372-6CF7-4258-8AC9-3DDBEF2C43BF}.Release|Any CPU.ActiveCfg = Release|Any CPU
		{1880D372-6CF7-4258-8AC9-3DDBEF2C43BF}.Release|Any CPU.Build.0 = Release|Any CPU
	EndGlobalSection
	GlobalSection(SolutionProperties) = preSolution
		HideSolutionNode = FALSE
	EndGlobalSection
EndGlobal
